{
  "name": "breakouts",
  "version": "1.0.0",
  "lockfileVersion": 2,
  "requires": true,
  "packages": {
    "": {
      "name": "breakouts",
      "version": "1.0.0",
      "devDependencies": {
        "@azure/functions": "^3.0.0",
        "@types/node": "16.x",
        "typescript": "^4.0.0"
      }
    },
    "node_modules/@azure/functions": {
      "version": "3.2.0",
      "resolved": "https://msazure.pkgs.visualstudio.com/_packaging/AzurePortal/npm/registry/@azure/functions/-/functions-3.2.0.tgz",
      "integrity": "sha1-xzAD24vZO+GGgk2ynpjgCHm/D5E=",
      "dev": true,
      "license": "MIT"
    },
    "node_modules/@types/node": {
      "version": "16.18.3",
      "resolved": "https://msazure.pkgs.visualstudio.com/_packaging/AzurePortal/npm/registry/@types/node/-/node-16.18.3.tgz",
      "integrity": "sha1-1/e6gorZ5UAnDwHOANORxU5uCrw=",
      "dev": true,
      "license": "MIT"
    },
    "node_modules/typescript": {
      "version": "4.8.4",
      "resolved": "https://msazure.pkgs.visualstudio.com/_packaging/AzurePortal/npm/registry/typescript/-/typescript-4.8.4.tgz",
      "integrity": "sha1-xGSryhWWaVl75flriUNQCyOOYOY=",
      "dev": true,
      "license": "Apache-2.0",
      "bin": {
        "tsc": "bin/tsc",
        "tsserver": "bin/tsserver"
      },
      "engines": {
        "node": ">=4.2.0"
      }
    }
  },
  "dependencies": {
    "@azure/functions": {
      "version": "3.2.0",
      "resolved": "https://msazure.pkgs.visualstudio.com/_packaging/AzurePortal/npm/registry/@azure/functions/-/functions-3.2.0.tgz",
      "integrity": "sha1-xzAD24vZO+GGgk2ynpjgCHm/D5E=",
      "dev": true
    },
    "@types/node": {
      "version": "16.18.3",
      "resolved": "https://msazure.pkgs.visualstudio.com/_packaging/AzurePortal/npm/registry/@types/node/-/node-16.18.3.tgz",
      "integrity": "sha1-1/e6gorZ5UAnDwHOANORxU5uCrw=",
      "dev": true
    },
    "typescript": {
      "version": "4.8.4",
      "resolved": "https://msazure.pkgs.visualstudio.com/_packaging/AzurePortal/npm/registry/typescript/-/typescript-4.8.4.tgz",
      "integrity": "sha1-xGSryhWWaVl75flriUNQCyOOYOY=",
      "dev": true
    }
  }
}
